
Microsoft Visual Studio Solution File, Format Version 12.00
# Visual Studio Version 16
VisualStudioVersion = 16.0.30204.135
MinimumVisualStudioVersion = 10.0.40219.1
Project("{9A19103F-16F7-4668-BE54-9A1E7A4F7556}") = "Logictics.DAL", "Logictics.DAL\Logictics.DAL.csproj", "{7EB58951-169F-4B86-AFB4-0070870013F5}"
EndProject
Project("{9A19103F-16F7-4668-BE54-9A1E7A4F7556}") = "Logictics.Service", "Logictics.Service\Logictics.Service.csproj", "{75618A5D-2693-4D9D-B18E-3F544E88BAF0}"
EndProject
Project("{9A19103F-16F7-4668-BE54-9A1E7A4F7556}") = "Logictics.Entity", "Logictics.Entity\Logictics.Entity.csproj", "{87E04A6B-1928-4F36-976E-C802C26504EE}"
EndProject
Project("{9A19103F-16F7-4668-BE54-9A1E7A4F7556}") = "Logictics.Web", "Logictics.Web\Logictics.Web.csproj", "{3332C1C7-8070-4E9D-9C9F-0D70EC0DA730}"
EndProject
Project("{9A19103F-16F7-4668-BE54-9A1E7A4F7556}") = "Common", "Common\Common.csproj", "{ACBBFB0A-A534-405A-89BD-55ED49F53747}"
EndProject
Global
	GlobalSection(SolutionConfigurationPlatforms) = preSolution
		Debug|Any CPU = Debug|Any CPU
		Release|Any CPU = Release|Any CPU
	EndGlobalSection
	GlobalSection(ProjectConfigurationPlatforms) = postSolution
		{7EB58951-169F-4B86-AFB4-0070870013F5}.Debug|Any CPU.ActiveCfg = Debug|Any CPU
		{7EB58951-169F-4B86-AFB4-0070870013F5}.Debug|Any CPU.Build.0 = Debug|Any CPU
		{7EB58951-169F-4B86-AFB4-0070870013F5}.Release|Any CPU.ActiveCfg = Release|Any CPU
		{7EB58951-169F-4B86-AFB4-0070870013F5}.Release|Any CPU.Build.0 = Release|Any CPU
		{75618A5D-2693-4D9D-B18E-3F544E88BAF0}.Debug|Any CPU.ActiveCfg = Debug|Any CPU
		{75618A5D-2693-4D9D-B18E-3F544E88BAF0}.Debug|Any CPU.Build.0 = Debug|Any CPU
		{75618A5D-2693-4D9D-B18E-3F544E88BAF0}.Release|Any CPU.ActiveCfg = Release|Any CPU
		{75618A5D-2693-4D9D-B18E-3F544E88BAF0}.Release|Any CPU.Build.0 = Release|Any CPU
		{87E04A6B-1928-4F36-976E-C802C26504EE}.Debug|Any CPU.ActiveCfg = Debug|Any CPU
		{87E04A6B-1928-4F36-976E-C802C26504EE}.Debug|Any CPU.Build.0 = Debug|Any CPU
		{87E04A6B-1928-4F36-976E-C802C26504EE}.Release|Any CPU.ActiveCfg = Release|Any CPU
		{87E04A6B-1928-4F36-976E-C802C26504EE}.Release|Any CPU.Build.0 = Release|Any CPU
		{3332C1C7-8070-4E9D-9C9F-0D70EC0DA730}.Debug|Any CPU.ActiveCfg = Debug|Any CPU
		{3332C1C7-8070-4E9D-9C9F-0D70EC0DA730}.Debug|Any CPU.Build.0 = Debug|Any CPU
		{3332C1C7-8070-4E9D-9C9F-0D70EC0DA730}.Release|Any CPU.ActiveCfg = Release|Any CPU
		{3332C1C7-8070-4E9D-9C9F-0D70EC0DA730}.Release|Any CPU.Build.0 = Release|Any CPU
		{ACBBFB0A-A534-405A-89BD-55ED49F53747}.Debug|Any CPU.ActiveCfg = Debug|Any CPU
		{ACBBFB0A-A534-405A-89BD-55ED49F53747}.Debug|Any CPU.Build.0 = Debug|Any CPU
		{ACBBFB0A-A534-405A-89BD-55ED49F53747}.Release|Any CPU.ActiveCfg = Release|Any CPU
		{ACBBFB0A-A534-405A-89BD-55ED49F53747}.Release|Any CPU.Build.0 = Release|Any CPU
	EndGlobalSection
	GlobalSection(SolutionProperties) = preSolution
		HideSolutionNode = FALSE
	EndGlobalSection
	GlobalSection(ExtensibilityGlobals) = postSolution
		SolutionGuid = {66C98497-7BC5-4846-AC25-184FB0B53349}
	EndGlobalSection
EndGlobal
